
Microsoft Visual Studio Solution File, Format Version 12.00
# Visual Studio Version 16
VisualStudioVersion = 16.0.29728.190
MinimumVisualStudioVersion = 10.0.40219.1
Project("{FAE04EC0-301F-11D3-BF4B-00C04F79EFBC}") = "Kriptovalute", "Kriptovalute.csproj", "{3CB26944-4C99-4F6A-B117-3EA08543707D}"
EndProject
Global
	GlobalSection(SolutionConfigurationPlatforms) = preSolution
		Debug|Any CPU = Debug|Any CPU
		Release|Any CPU = Release|Any CPU
	EndGlobalSection
	GlobalSection(ProjectConfigurationPlatforms) = postSolution
		{3CB26944-4C99-4F6A-B117-3EA08543707D}.Debug|Any CPU.ActiveCfg = Debug|Any CPU
		{3CB26944-4C99-4F6A-B117-3EA08543707D}.Debug|Any CPU.Build.0 = Debug|Any CPU
		{3CB26944-4C99-4F6A-B117-3EA08543707D}.Release|Any CPU.ActiveCfg = Release|Any CPU
		{3CB26944-4C99-4F6A-B117-3EA08543707D}.Release|Any CPU.Build.0 = Release|Any CPU
	EndGlobalSection
	GlobalSection(SolutionProperties) = preSolution
		HideSolutionNode = FALSE
	EndGlobalSection
	GlobalSection(ExtensibilityGlobals) = postSolution
		SolutionGuid = {F07DC77C-EA0C-47A3-B10E-03F1678EBDBA}
	EndGlobalSection
EndGlobal
